{
  "name": "funtasks",
  "version": "1.0.0",
  "lockfileVersion": 2,
  "requires": true,
  "packages": {
    "": {
      "name": "funtasks",
      "version": "1.0.0",
      "license": "ISC",
      "dependencies": {
        "axel": "^0.0.3",
        "lodash": "^4.17.21"
      }
    },
    "node_modules/ansi": {
      "version": "0.3.1",
      "resolved": "https://registry.npmjs.org/ansi/-/ansi-0.3.1.tgz",
      "integrity": "sha512-iFY7JCgHbepc0b82yLaw4IMortylNb6wG4kL+4R0C3iv6i+RHGHux/yUX5BTiRvSX/shMnngjR1YyNMnXEFh5A=="
    },
    "node_modules/axel": {
      "version": "0.0.3",
      "resolved": "https://registry.npmjs.org/axel/-/axel-0.0.3.tgz",
      "integrity": "sha512-9ggHKPiCLtcrsWUchTiCCxgv2TGEtaL4Rl1Btlibnnx5g7BOCTmHWrLVqjDpVHA8WNWZYHovJWwIbTWf4xNgVg==",
      "dependencies": {
        "ansi": "^0.3.0"
      },
      "bin": {
        "axel": "index.js"
      }
    },
    "node_modules/lodash": {
      "version": "4.17.21",
      "resolved": "https://registry.npmjs.org/lodash/-/lodash-4.17.21.tgz",
      "integrity": "sha512-v2kDEe57lecTulaDIuNTPy3Ry4gLGJ6Z1O3vE1krgXZNrsQ+LFTGHVxVjcXPs17LhbZVGedAJv8XZ1tvj5FvSg=="
    }
  },
  "dependencies": {
    "ansi": {
      "version": "0.3.1",
      "resolved": "https://registry.npmjs.org/ansi/-/ansi-0.3.1.tgz",
      "integrity": "sha512-iFY7JCgHbepc0b82yLaw4IMortylNb6wG4kL+4R0C3iv6i+RHGHux/yUX5BTiRvSX/shMnngjR1YyNMnXEFh5A=="
    },
    "axel": {
      "version": "0.0.3",
      "resolved": "https://registry.npmjs.org/axel/-/axel-0.0.3.tgz",
      "integrity": "sha512-9ggHKPiCLtcrsWUchTiCCxgv2TGEtaL4Rl1Btlibnnx5g7BOCTmHWrLVqjDpVHA8WNWZYHovJWwIbTWf4xNgVg==",
      "requires": {
        "ansi": "^0.3.0"
      }
    },
    "lodash": {
      "version": "4.17.21",
      "resolved": "https://registry.npmjs.org/lodash/-/lodash-4.17.21.tgz",
      "integrity": "sha512-v2kDEe57lecTulaDIuNTPy3Ry4gLGJ6Z1O3vE1krgXZNrsQ+LFTGHVxVjcXPs17LhbZVGedAJv8XZ1tvj5FvSg=="
    }
  }
}
